
Microsoft Visual Studio Solution File, Format Version 12.00
# Visual Studio Version 17
VisualStudioVersion = 17.11.35312.102
MinimumVisualStudioVersion = 10.0.40219.1
Project("{FAE04EC0-301F-11D3-BF4B-00C04F79EFBC}") = "Database Management System", "Database Management System\Database Management System.csproj", "{E2E6FE41-9A4E-4B61-B650-7A6EDFDE936B}"
EndProject
Global
	GlobalSection(SolutionConfigurationPlatforms) = preSolution
		Debug|Any CPU = Debug|Any CPU
		Release|Any CPU = Release|Any CPU
	EndGlobalSection
	GlobalSection(ProjectConfigurationPlatforms) = postSolution
		{E2E6FE41-9A4E-4B61-B650-7A6EDFDE936B}.Debug|Any CPU.ActiveCfg = Debug|Any CPU
		{E2E6FE41-9A4E-4B61-B650-7A6EDFDE936B}.Debug|Any CPU.Build.0 = Debug|Any CPU
		{E2E6FE41-9A4E-4B61-B650-7A6EDFDE936B}.Release|Any CPU.ActiveCfg = Release|Any CPU
		{E2E6FE41-9A4E-4B61-B650-7A6EDFDE936B}.Release|Any CPU.Build.0 = Release|Any CPU
	EndGlobalSection
	GlobalSection(SolutionProperties) = preSolution
		HideSolutionNode = FALSE
	EndGlobalSection
	GlobalSection(ExtensibilityGlobals) = postSolution
		SolutionGuid = {BC90479A-20A2-4C46-A6E7-BB90C257FC5A}
	EndGlobalSection
EndGlobal
